// !$*UTF8*$!
{
	archiveVersion = 1;
	classes = {
	};
	objectVersion = 55;
	objects = {

/* Begin PBXBuildFile section */
		418BF40D28DFF48900735D2B /* OnboardingScreen3.swift in Sources */ = {isa = PBXBuildFile; fileRef = 418BF40C28DFF48900735D2B /* OnboardingScreen3.swift */; };
		418BF40F28DFF6FB00735D2B /* OnboardingScreen4.swift in Sources */ = {isa = PBXBuildFile; fileRef = 418BF40E28DFF6FB00735D2B /* OnboardingScreen4.swift */; };
		418BF41128DFF70D00735D2B /* OnboardingScreen5.swift in Sources */ = {isa = PBXBuildFile; fileRef = 418BF41028DFF70D00735D2B /* OnboardingScreen5.swift */; };
		418BF41528E07D8900735D2B /* GolfScreenView.swift in Sources */ = {isa = PBXBuildFile; fileRef = 418BF41428E07D8900735D2B /* GolfScreenView.swift */; };
		418BF41728E07DAD00735D2B /* DeviceScreenView.swift in Sources */ = {isa = PBXBuildFile; fileRef = 418BF41628E07DAD00735D2B /* DeviceScreenView.swift */; };
		41B735D028DE9DF200C8E35B /* precision_pro_golfApp.swift in Sources */ = {isa = PBXBuildFile; fileRef = 41B735CF28DE9DF200C8E35B /* precision_pro_golfApp.swift */; };
		41B735D228DE9DF200C8E35B /* ContentView.swift in Sources */ = {isa = PBXBuildFile; fileRef = 41B735D128DE9DF200C8E35B /* ContentView.swift */; };
		41B735D428DE9DF400C8E35B /* Assets.xcassets in Resources */ = {isa = PBXBuildFile; fileRef = 41B735D328DE9DF400C8E35B /* Assets.xcassets */; };
		41B735D728DE9DF400C8E35B /* Preview Assets.xcassets in Resources */ = {isa = PBXBuildFile; fileRef = 41B735D628DE9DF400C8E35B /* Preview Assets.xcassets */; };
		41B735DE28DE9E2800C8E35B /* SplashScreenView.swift in Sources */ = {isa = PBXBuildFile; fileRef = 41B735DD28DE9E2800C8E35B /* SplashScreenView.swift */; };
		41B735E028DE9EA600C8E35B /* splash.gif in Resources */ = {isa = PBXBuildFile; fileRef = 41B735DF28DE9EA600C8E35B /* splash.gif */; };
		41B735E228DE9F0600C8E35B /* CustomColor.swift in Sources */ = {isa = PBXBuildFile; fileRef = 41B735E128DE9F0600C8E35B /* CustomColor.swift */; };
		41B735E428DE9F1F00C8E35B /* CustomFonts.swift in Sources */ = {isa = PBXBuildFile; fileRef = 41B735E328DE9F1F00C8E35B /* CustomFonts.swift */; };
		41B735EA28DEB50600C8E35B /* ProximaNova-Semibold.ttf in Resources */ = {isa = PBXBuildFile; fileRef = 41B735E928DEB50600C8E35B /* ProximaNova-Semibold.ttf */; };
		41B735EC28DEB51600C8E35B /* ProximaNovaT-Thin.ttf in Resources */ = {isa = PBXBuildFile; fileRef = 41B735EB28DEB51600C8E35B /* ProximaNovaT-Thin.ttf */; };
		41B735EE28DEB51F00C8E35B /* ProximaNova-Semibold-Italic.ttf in Resources */ = {isa = PBXBuildFile; fileRef = 41B735ED28DEB51F00C8E35B /* ProximaNova-Semibold-Italic.ttf */; };
		41B735F028DEB52700C8E35B /* ProximaNova-Regular.ttf in Resources */ = {isa = PBXBuildFile; fileRef = 41B735EF28DEB52700C8E35B /* ProximaNova-Regular.ttf */; };
		41B735F228DEB53100C8E35B /* ProximaNova-Bold.ttf in Resources */ = {isa = PBXBuildFile; fileRef = 41B735F128DEB53100C8E35B /* ProximaNova-Bold.ttf */; };
		41B735F428DEB54000C8E35B /* ProximaNova-Black.ttf in Resources */ = {isa = PBXBuildFile; fileRef = 41B735F328DEB54000C8E35B /* ProximaNova-Black.ttf */; };
		41B735F628DEB55E00C8E35B /* ProximaNova-Extrabld.ttf in Resources */ = {isa = PBXBuildFile; fileRef = 41B735F528DEB55D00C8E35B /* ProximaNova-Extrabld.ttf */; };
		41B735F828DEB56500C8E35B /* ProximaNova-Light.ttf in Resources */ = {isa = PBXBuildFile; fileRef = 41B735F728DEB56500C8E35B /* ProximaNova-Light.ttf */; };
		41B735FA28DECCDF00C8E35B /* OnboardingScreen1.swift in Sources */ = {isa = PBXBuildFile; fileRef = 41B735F928DECCDF00C8E35B /* OnboardingScreen1.swift */; };
		41B735FE28DEDAE500C8E35B /* OnboardingScreen2.swift in Sources */ = {isa = PBXBuildFile; fileRef = 41B735FD28DEDAE500C8E35B /* OnboardingScreen2.swift */; };
/* End PBXBuildFile section */

/* Begin PBXFileReference section */
		418BF40C28DFF48900735D2B /* OnboardingScreen3.swift */ = {isa = PBXFileReference; lastKnownFileType = sourcecode.swift; path = OnboardingScreen3.swift; sourceTree = "<group>"; };
		418BF40E28DFF6FB00735D2B /* OnboardingScreen4.swift */ = {isa = PBXFileReference; lastKnownFileType = sourcecode.swift; path = OnboardingScreen4.swift; sourceTree = "<group>"; };
		418BF41028DFF70D00735D2B /* OnboardingScreen5.swift */ = {isa = PBXFileReference; lastKnownFileType = sourcecode.swift; path = OnboardingScreen5.swift; sourceTree = "<group>"; };
		418BF41428E07D8900735D2B /* GolfScreenView.swift */ = {isa = PBXFileReference; lastKnownFileType = sourcecode.swift; path = GolfScreenView.swift; sourceTree = "<group>"; };
		418BF41628E07DAD00735D2B /* DeviceScreenView.swift */ = {isa = PBXFileReference; lastKnownFileType = sourcecode.swift; path = DeviceScreenView.swift; sourceTree = "<group>"; };
		41B735CC28DE9DF200C8E35B /* precision_pro_golf.app */ = {isa = PBXFileReference; explicitFileType = wrapper.application; includeInIndex = 0; path = precision_pro_golf.app; sourceTree = BUILT_PRODUCTS_DIR; };
		41B735CF28DE9DF200C8E35B /* precision_pro_golfApp.swift */ = {isa = PBXFileReference; lastKnownFileType = sourcecode.swift; path = precision_pro_golfApp.swift; sourceTree = "<group>"; };
		41B735D128DE9DF200C8E35B /* ContentView.swift */ = {isa = PBXFileReference; lastKnownFileType = sourcecode.swift; path = ContentView.swift; sourceTree = "<group>"; };
		41B735D328DE9DF400C8E35B /* Assets.xcassets */ = {isa = PBXFileReference; lastKnownFileType = folder.assetcatalog; path = Assets.xcassets; sourceTree = "<group>"; };
		41B735D628DE9DF400C8E35B /* Preview Assets.xcassets */ = {isa = PBXFileReference; lastKnownFileType = folder.assetcatalog; path = "Preview Assets.xcassets"; sourceTree = "<group>"; };
		41B735DD28DE9E2800C8E35B /* SplashScreenView.swift */ = {isa = PBXFileReference; lastKnownFileType = sourcecode.swift; path = SplashScreenView.swift; sourceTree = "<group>"; };
		41B735DF28DE9EA600C8E35B /* splash.gif */ = {isa = PBXFileReference; lastKnownFileType = image.gif; path = splash.gif; sourceTree = "<group>"; };
		41B735E128DE9F0600C8E35B /* CustomColor.swift */ = {isa = PBXFileReference; fileEncoding = 4; lastKnownFileType = sourcecode.swift; path = CustomColor.swift; sourceTree = "<group>"; };
		41B735E328DE9F1F00C8E35B /* CustomFonts.swift */ = {isa = PBXFileReference; fileEncoding = 4; lastKnownFileType = sourcecode.swift; path = CustomFonts.swift; sourceTree = "<group>"; };
		41B735E528DEA49500C8E35B /* precision-pro-golf-Info.plist */ = {isa = PBXFileReference; lastKnownFileType = text.plist; path = "precision-pro-golf-Info.plist"; sourceTree = SOURCE_ROOT; };
		41B735E928DEB50600C8E35B /* ProximaNova-Semibold.ttf */ = {isa = PBXFileReference; lastKnownFileType = file; path = "ProximaNova-Semibold.ttf"; sourceTree = "<group>"; };
		41B735EB28DEB51600C8E35B /* ProximaNovaT-Thin.ttf */ = {isa = PBXFileReference; lastKnownFileType = file; path = "ProximaNovaT-Thin.ttf"; sourceTree = "<group>"; };
		41B735ED28DEB51F00C8E35B /* ProximaNova-Semibold-Italic.ttf */ = {isa = PBXFileReference; lastKnownFileType = file; path = "ProximaNova-Semibold-Italic.ttf"; sourceTree = "<group>"; };
		41B735EF28DEB52700C8E35B /* ProximaNova-Regular.ttf */ = {isa = PBXFileReference; lastKnownFileType = file; path = "ProximaNova-Regular.ttf"; sourceTree = "<group>"; };
		41B735F128DEB53100C8E35B /* ProximaNova-Bold.ttf */ = {isa = PBXFileReference; lastKnownFileType = file; path = "ProximaNova-Bold.ttf"; sourceTree = "<group>"; };
		41B735F328DEB54000C8E35B /* ProximaNova-Black.ttf */ = {isa = PBXFileReference; lastKnownFileType = file; path = "ProximaNova-Black.ttf"; sourceTree = "<group>"; };
		41B735F528DEB55D00C8E35B /* ProximaNova-Extrabld.ttf */ = {isa = PBXFileReference; lastKnownFileType = file; path = "ProximaNova-Extrabld.ttf"; sourceTree = "<group>"; };
		41B735F728DEB56500C8E35B /* ProximaNova-Light.ttf */ = {isa = PBXFileReference; lastKnownFileType = file; path = "ProximaNova-Light.ttf"; sourceTree = "<group>"; };
		41B735F928DECCDF00C8E35B /* OnboardingScreen1.swift */ = {isa = PBXFileReference; lastKnownFileType = sourcecode.swift; path = OnboardingScreen1.swift; sourceTree = "<group>"; };
		41B735FD28DEDAE500C8E35B /* OnboardingScreen2.swift */ = {isa = PBXFileReference; lastKnownFileType = sourcecode.swift; path = OnboardingScreen2.swift; sourceTree = "<group>"; };
/* End PBXFileReference section */

/* Begin PBXFrameworksBuildPhase section */
		41B735C928DE9DF200C8E35B /* Frameworks */ = {
			isa = PBXFrameworksBuildPhase;
			buildActionMask = 2147483647;
			files = (
			);
			runOnlyForDeploymentPostprocessing = 0;
		};
/* End PBXFrameworksBuildPhase section */

/* Begin PBXGroup section */
		41B735C328DE9DF200C8E35B = {
			isa = PBXGroup;
			children = (
				41B735CE28DE9DF200C8E35B /* precision_pro_golf */,
				41B735CD28DE9DF200C8E35B /* Products */,
			);
			sourceTree = "<group>";
		};
		41B735CD28DE9DF200C8E35B /* Products */ = {
			isa = PBXGroup;
			children = (
				41B735CC28DE9DF200C8E35B /* precision_pro_golf.app */,
			);
			name = Products;
			sourceTree = "<group>";
		};
		41B735CE28DE9DF200C8E35B /* precision_pro_golf */ = {
			isa = PBXGroup;
			children = (
				41B735E528DEA49500C8E35B /* precision-pro-golf-Info.plist */,
				41B735CF28DE9DF200C8E35B /* precision_pro_golfApp.swift */,
				41B735D128DE9DF200C8E35B /* ContentView.swift */,
				41B735DD28DE9E2800C8E35B /* SplashScreenView.swift */,
				41B735F928DECCDF00C8E35B /* OnboardingScreen1.swift */,
				41B735FD28DEDAE500C8E35B /* OnboardingScreen2.swift */,
				418BF40C28DFF48900735D2B /* OnboardingScreen3.swift */,
				418BF40E28DFF6FB00735D2B /* OnboardingScreen4.swift */,
				418BF41028DFF70D00735D2B /* OnboardingScreen5.swift */,
				418BF41428E07D8900735D2B /* GolfScreenView.swift */,
				418BF41628E07DAD00735D2B /* DeviceScreenView.swift */,
				41B735DF28DE9EA600C8E35B /* splash.gif */,
				41B735D328DE9DF400C8E35B /* Assets.xcassets */,
				41B735E128DE9F0600C8E35B /* CustomColor.swift */,
				41B735E328DE9F1F00C8E35B /* CustomFonts.swift */,
				41B735E828DEB4DB00C8E35B /* Fonts */,
				41B735D528DE9DF400C8E35B /* Preview Content */,
			);
			path = precision_pro_golf;
			sourceTree = "<group>";
		};
		41B735D528DE9DF400C8E35B /* Preview Content */ = {
			isa = PBXGroup;
			children = (
				41B735D628DE9DF400C8E35B /* Preview Assets.xcassets */,
			);
			path = "Preview Content";
			sourceTree = "<group>";
		};
		41B735E828DEB4DB00C8E35B /* Fonts */ = {
			isa = PBXGroup;
			children = (
				41B735E928DEB50600C8E35B /* ProximaNova-Semibold.ttf */,
				41B735ED28DEB51F00C8E35B /* ProximaNova-Semibold-Italic.ttf */,
				41B735F128DEB53100C8E35B /* ProximaNova-Bold.ttf */,
				41B735EF28DEB52700C8E35B /* ProximaNova-Regular.ttf */,
				41B735F728DEB56500C8E35B /* ProximaNova-Light.ttf */,
				41B735F328DEB54000C8E35B /* ProximaNova-Black.ttf */,
				41B735EB28DEB51600C8E35B /* ProximaNovaT-Thin.ttf */,
				41B735F528DEB55D00C8E35B /* ProximaNova-Extrabld.ttf */,
			);
			path = Fonts;
			sourceTree = "<group>";
		};
/* End PBXGroup section */

/* Begin PBXNativeTarget section */
		41B735CB28DE9DF200C8E35B /* precision_pro_golf */ = {
			isa = PBXNativeTarget;
			buildConfigurationList = 41B735DA28DE9DF400C8E35B /* Build configuration list for PBXNativeTarget "precision_pro_golf" */;
			buildPhases = (
				41B735C828DE9DF200C8E35B /* Sources */,
				41B735C928DE9DF200C8E35B /* Frameworks */,
				41B735CA28DE9DF200C8E35B /* Resources */,
			);
			buildRules = (
			);
			dependencies = (
			);
			name = precision_pro_golf;
			productName = precision_pro_golf;
			productReference = 41B735CC28DE9DF200C8E35B /* precision_pro_golf.app */;
			productType = "com.apple.product-type.application";
		};
/* End PBXNativeTarget section */

/* Begin PBXProject section */
		41B735C428DE9DF200C8E35B /* Project object */ = {
			isa = PBXProject;
			attributes = {
				BuildIndependentTargetsInParallel = 1;
				LastSwiftUpdateCheck = 1340;
				LastUpgradeCheck = 1340;
				TargetAttributes = {
					41B735CB28DE9DF200C8E35B = {
						CreatedOnToolsVersion = 13.4.1;
					};
				};
			};
			buildConfigurationList = 41B735C728DE9DF200C8E35B /* Build configuration list for PBXProject "precision_pro_golf" */;
			compatibilityVersion = "Xcode 13.0";
			developmentRegion = en;
			hasScannedForEncodings = 0;
			knownRegions = (
				en,
				Base,
			);
			mainGroup = 41B735C328DE9DF200C8E35B;
			productRefGroup = 41B735CD28DE9DF200C8E35B /* Products */;
			projectDirPath = "";
			projectRoot = "";
			targets = (
				41B735CB28DE9DF200C8E35B /* precision_pro_golf */,
			);
		};
/* End PBXProject section */

/* Begin PBXResourcesBuildPhase section */
		41B735CA28DE9DF200C8E35B /* Resources */ = {
			isa = PBXResourcesBuildPhase;
			buildActionMask = 2147483647;
			files = (
				41B735EA28DEB50600C8E35B /* ProximaNova-Semibold.ttf in Resources */,
				41B735E028DE9EA600C8E35B /* splash.gif in Resources */,
				41B735F228DEB53100C8E35B /* ProximaNova-Bold.ttf in Resources */,
				41B735F628DEB55E00C8E35B /* ProximaNova-Extrabld.ttf in Resources */,
				41B735F828DEB56500C8E35B /* ProximaNova-Light.ttf in Resources */,
				41B735EC28DEB51600C8E35B /* ProximaNovaT-Thin.ttf in Resources */,
				41B735F028DEB52700C8E35B /* ProximaNova-Regular.ttf in Resources */,
				41B735D728DE9DF400C8E35B /* Preview Assets.xcassets in Resources */,
				41B735EE28DEB51F00C8E35B /* ProximaNova-Semibold-Italic.ttf in Resources */,
				41B735D428DE9DF400C8E35B /* Assets.xcassets in Resources */,
				41B735F428DEB54000C8E35B /* ProximaNova-Black.ttf in Resources */,
			);
			runOnlyForDeploymentPostprocessing = 0;
		};
/* End PBXResourcesBuildPhase section */

/* Begin PBXSourcesBuildPhase section */
		41B735C828DE9DF200C8E35B /* Sources */ = {
			isa = PBXSourcesBuildPhase;
			buildActionMask = 2147483647;
			files = (
				418BF41528E07D8900735D2B /* GolfScreenView.swift in Sources */,
				418BF40D28DFF48900735D2B /* OnboardingScreen3.swift in Sources */,
				41B735FA28DECCDF00C8E35B /* OnboardingScreen1.swift in Sources */,
				41B735D228DE9DF200C8E35B /* ContentView.swift in Sources */,
				418BF41728E07DAD00735D2B /* DeviceScreenView.swift in Sources */,
				41B735FE28DEDAE500C8E35B /* OnboardingScreen2.swift in Sources */,
				418BF41128DFF70D00735D2B /* OnboardingScreen5.swift in Sources */,
				41B735D028DE9DF200C8E35B /* precision_pro_golfApp.swift in Sources */,
				41B735E428DE9F1F00C8E35B /* CustomFonts.swift in Sources */,
				418BF40F28DFF6FB00735D2B /* OnboardingScreen4.swift in Sources */,
				41B735E228DE9F0600C8E35B /* CustomColor.swift in Sources */,
				41B735DE28DE9E2800C8E35B /* SplashScreenView.swift in Sources */,
			);
			runOnlyForDeploymentPostprocessing = 0;
		};
/* End PBXSourcesBuildPhase section */

/* Begin XCBuildConfiguration section */
		41B735D828DE9DF400C8E35B /* Debug */ = {
			isa = XCBuildConfiguration;
			buildSettings = {
				ALWAYS_SEARCH_USER_PATHS = NO;
				CLANG_ANALYZER_NONNULL = YES;
				CLANG_ANALYZER_NUMBER_OBJECT_CONVERSION = YES_AGGRESSIVE;
				CLANG_CXX_LANGUAGE_STANDARD = "gnu++17";
				CLANG_ENABLE_MODULES = YES;
				CLANG_ENABLE_OBJC_ARC = YES;
				CLANG_ENABLE_OBJC_WEAK = YES;
				CLANG_WARN_BLOCK_CAPTURE_AUTORELEASING = YES;
				CLANG_WARN_BOOL_CONVERSION = YES;
				CLANG_WARN_COMMA = YES;
				CLANG_WARN_CONSTANT_CONVERSION = YES;
				CLANG_WARN_DEPRECATED_OBJC_IMPLEMENTATIONS = YES;
				CLANG_WARN_DIRECT_OBJC_ISA_USAGE = YES_ERROR;
				CLANG_WARN_DOCUMENTATION_COMMENTS = YES;
				CLANG_WARN_EMPTY_BODY = YES;
				CLANG_WARN_ENUM_CONVERSION = YES;
				CLANG_WARN_INFINITE_RECURSION = YES;
				CLANG_WARN_INT_CONVERSION = YES;
				CLANG_WARN_NON_LITERAL_NULL_CONVERSION = YES;
				CLANG_WARN_OBJC_IMPLICIT_RETAIN_SELF = YES;
				CLANG_WARN_OBJC_LITERAL_CONVERSION = YES;
				CLANG_WARN_OBJC_ROOT_CLASS = YES_ERROR;
				CLANG_WARN_QUOTED_INCLUDE_IN_FRAMEWORK_HEADER = YES;
				CLANG_WARN_RANGE_LOOP_ANALYSIS = YES;
				CLANG_WARN_STRICT_PROTOTYPES = YES;
				CLANG_WARN_SUSPICIOUS_MOVE = YES;
				CLANG_WARN_UNGUARDED_AVAILABILITY = YES_AGGRESSIVE;
				CLANG_WARN_UNREACHABLE_CODE = YES;
				CLANG_WARN__DUPLICATE_METHOD_MATCH = YES;
				COPY_PHASE_STRIP = NO;
				DEBUG_INFORMATION_FORMAT = dwarf;
				ENABLE_STRICT_OBJC_MSGSEND = YES;
				ENABLE_TESTABILITY = YES;
				GCC_C_LANGUAGE_STANDARD = gnu11;
				GCC_DYNAMIC_NO_PIC = NO;
				GCC_NO_COMMON_BLOCKS = YES;
				GCC_OPTIMIZATION_LEVEL = 0;
				GCC_PREPROCESSOR_DEFINITIONS = (
					"DEBUG=1",
					"$(inherited)",
				);
				GCC_WARN_64_TO_32_BIT_CONVERSION = YES;
				GCC_WARN_ABOUT_RETURN_TYPE = YES_ERROR;
				GCC_WARN_UNDECLARED_SELECTOR = YES;
				GCC_WARN_UNINITIALIZED_AUTOS = YES_AGGRESSIVE;
				GCC_WARN_UNUSED_FUNCTION = YES;
				GCC_WARN_UNUSED_VARIABLE = YES;
				IPHONEOS_DEPLOYMENT_TARGET = 15.5;
				MTL_ENABLE_DEBUG_INFO = INCLUDE_SOURCE;
				MTL_FAST_MATH = YES;
				ONLY_ACTIVE_ARCH = YES;
				SDKROOT = iphoneos;
				SWIFT_ACTIVE_COMPILATION_CONDITIONS = DEBUG;
				SWIFT_OPTIMIZATION_LEVEL = "-Onone";
			};
			name = Debug;
		};
		41B735D928DE9DF400C8E35B /* Release */ = {
			isa = XCBuildConfiguration;
			buildSettings = {
				ALWAYS_SEARCH_USER_PATHS = NO;
				CLANG_ANALYZER_NONNULL = YES;
				CLANG_ANALYZER_NUMBER_OBJECT_CONVERSION = YES_AGGRESSIVE;
				CLANG_CXX_LANGUAGE_STANDARD = "gnu++17";
				CLANG_ENABLE_MODULES = YES;
				CLANG_ENABLE_OBJC_ARC = YES;
				CLANG_ENABLE_OBJC_WEAK = YES;
				CLANG_WARN_BLOCK_CAPTURE_AUTORELEASING = YES;
				CLANG_WARN_BOOL_CONVERSION = YES;
				CLANG_WARN_COMMA = YES;
				CLANG_WARN_CONSTANT_CONVERSION = YES;
				CLANG_WARN_DEPRECATED_OBJC_IMPLEMENTATIONS = YES;
				CLANG_WARN_DIRECT_OBJC_ISA_USAGE = YES_ERROR;
				CLANG_WARN_DOCUMENTATION_COMMENTS = YES;
				CLANG_WARN_EMPTY_BODY = YES;
				CLANG_WARN_ENUM_CONVERSION = YES;
				CLANG_WARN_INFINITE_RECURSION = YES;
				CLANG_WARN_INT_CONVERSION = YES;
				CLANG_WARN_NON_LITERAL_NULL_CONVERSION = YES;
				CLANG_WARN_OBJC_IMPLICIT_RETAIN_SELF = YES;
				CLANG_WARN_OBJC_LITERAL_CONVERSION = YES;
				CLANG_WARN_OBJC_ROOT_CLASS = YES_ERROR;
				CLANG_WARN_QUOTED_INCLUDE_IN_FRAMEWORK_HEADER = YES;
				CLANG_WARN_RANGE_LOOP_ANALYSIS = YES;
				CLANG_WARN_STRICT_PROTOTYPES = YES;
				CLANG_WARN_SUSPICIOUS_MOVE = YES;
				CLANG_WARN_UNGUARDED_AVAILABILITY = YES_AGGRESSIVE;
				CLANG_WARN_UNREACHABLE_CODE = YES;
				CLANG_WARN__DUPLICATE_METHOD_MATCH = YES;
				COPY_PHASE_STRIP = NO;
				DEBUG_INFORMATION_FORMAT = "dwarf-with-dsym";
				ENABLE_NS_ASSERTIONS = NO;
				ENABLE_STRICT_OBJC_MSGSEND = YES;
				GCC_C_LANGUAGE_STANDARD = gnu11;
				GCC_NO_COMMON_BLOCKS = YES;
				GCC_WARN_64_TO_32_BIT_CONVERSION = YES;
				GCC_WARN_ABOUT_RETURN_TYPE = YES_ERROR;
				GCC_WARN_UNDECLARED_SELECTOR = YES;
				GCC_WARN_UNINITIALIZED_AUTOS = YES_AGGRESSIVE;
				GCC_WARN_UNUSED_FUNCTION = YES;
				GCC_WARN_UNUSED_VARIABLE = YES;
				IPHONEOS_DEPLOYMENT_TARGET = 15.5;
				MTL_ENABLE_DEBUG_INFO = NO;
				MTL_FAST_MATH = YES;
				SDKROOT = iphoneos;
				SWIFT_COMPILATION_MODE = wholemodule;
				SWIFT_OPTIMIZATION_LEVEL = "-O";
				VALIDATE_PRODUCT = YES;
			};
			name = Release;
		};
		41B735DB28DE9DF400C8E35B /* Debug */ = {
			isa = XCBuildConfiguration;
			buildSettings = {
				ASSETCATALOG_COMPILER_APPICON_NAME = AppIcon;
				ASSETCATALOG_COMPILER_GLOBAL_ACCENT_COLOR_NAME = AccentColor;
				CODE_SIGN_STYLE = Automatic;
				CURRENT_PROJECT_VERSION = 1;
				DEVELOPMENT_ASSET_PATHS = "\"precision_pro_golf/Preview Content\"";
				DEVELOPMENT_TEAM = 9RNHKLVM64;
				ENABLE_PREVIEWS = YES;
				GENERATE_INFOPLIST_FILE = YES;
				INFOPLIST_FILE = "precision-pro-golf-Info.plist";
				INFOPLIST_KEY_UIApplicationSceneManifest_Generation = YES;
				INFOPLIST_KEY_UIApplicationSupportsIndirectInputEvents = YES;
				INFOPLIST_KEY_UILaunchScreen_Generation = YES;
				INFOPLIST_KEY_UISupportedInterfaceOrientations_iPad = "UIInterfaceOrientationPortrait UIInterfaceOrientationPortraitUpsideDown UIInterfaceOrientationLandscapeLeft UIInterfaceOrientationLandscapeRight";
				INFOPLIST_KEY_UISupportedInterfaceOrientations_iPhone = "UIInterfaceOrientationPortrait UIInterfaceOrientationLandscapeLeft UIInterfaceOrientationLandscapeRight";
				LD_RUNPATH_SEARCH_PATHS = (
					"$(inherited)",
					"@executable_path/Frameworks",
				);
				MARKETING_VERSION = 1.0;
				PRODUCT_BUNDLE_IDENTIFIER = "com.precision-pro-golf";
				PRODUCT_NAME = "$(TARGET_NAME)";
				SWIFT_EMIT_LOC_STRINGS = YES;
				SWIFT_VERSION = 5.0;
				TARGETED_DEVICE_FAMILY = "1,2";
			};
			name = Debug;
		};
		41B735DC28DE9DF400C8E35B /* Release */ = {
			isa = XCBuildConfiguration;
			buildSettings = {
				ASSETCATALOG_COMPILER_APPICON_NAME = AppIcon;
				ASSETCATALOG_COMPILER_GLOBAL_ACCENT_COLOR_NAME = AccentColor;
				CODE_SIGN_STYLE = Automatic;
				CURRENT_PROJECT_VERSION = 1;
				DEVELOPMENT_ASSET_PATHS = "\"precision_pro_golf/Preview Content\"";
				DEVELOPMENT_TEAM = 9RNHKLVM64;
				ENABLE_PREVIEWS = YES;
				GENERATE_INFOPLIST_FILE = YES;
				INFOPLIST_FILE = "precision-pro-golf-Info.plist";
				INFOPLIST_KEY_UIApplicationSceneManifest_Generation = YES;
				INFOPLIST_KEY_UIApplicationSupportsIndirectInputEvents = YES;
				INFOPLIST_KEY_UILaunchScreen_Generation = YES;
				INFOPLIST_KEY_UISupportedInterfaceOrientations_iPad = "UIInterfaceOrientationPortrait UIInterfaceOrientationPortraitUpsideDown UIInterfaceOrientationLandscapeLeft UIInterfaceOrientationLandscapeRight";
				INFOPLIST_KEY_UISupportedInterfaceOrientations_iPhone = "UIInterfaceOrientationPortrait UIInterfaceOrientationLandscapeLeft UIInterfaceOrientationLandscapeRight";
				LD_RUNPATH_SEARCH_PATHS = (
					"$(inherited)",
					"@executable_path/Frameworks",
				);
				MARKETING_VERSION = 1.0;
				PRODUCT_BUNDLE_IDENTIFIER = "com.precision-pro-golf";
				PRODUCT_NAME = "$(TARGET_NAME)";
				SWIFT_EMIT_LOC_STRINGS = YES;
				SWIFT_VERSION = 5.0;
				TARGETED_DEVICE_FAMILY = "1,2";
			};
			name = Release;
		};
/* End XCBuildConfiguration section */

/* Begin XCConfigurationList section */
		41B735C728DE9DF200C8E35B /* Build configuration list for PBXProject "precision_pro_golf" */ = {
			isa = XCConfigurationList;
			buildConfigurations = (
				41B735D828DE9DF400C8E35B /* Debug */,
				41B735D928DE9DF400C8E35B /* Release */,
			);
			defaultConfigurationIsVisible = 0;
			defaultConfigurationName = Release;
		};
		41B735DA28DE9DF400C8E35B /* Build configuration list for PBXNativeTarget "precision_pro_golf" */ = {
			isa = XCConfigurationList;
			buildConfigurations = (
				41B735DB28DE9DF400C8E35B /* Debug */,
				41B735DC28DE9DF400C8E35B /* Release */,
			);
			defaultConfigurationIsVisible = 0;
			defaultConfigurationName = Release;
		};
/* End XCConfigurationList section */
	};
	rootObject = 41B735C428DE9DF200C8E35B /* Project object */;
}
